
Microsoft Visual Studio Solution File, Format Version 12.00
# Visual Studio Version 17
VisualStudioVersion = 17.0.31815.197
MinimumVisualStudioVersion = 10.0.40219.1
Project("{2150E333-8FDC-42A3-9474-1A3956D46DE8}") = "src", "src", "{F47298C6-FC9C-4B30-88D6-3DDAAD1B7B65}"
EndProject
Project("{9A19103F-16F7-4668-BE54-9A1E7A4F7556}") = "LemonBot", "src\LemonBot\LemonBot.csproj", "{C56ABDA1-E83F-4C97-B3C2-3A248526E4FC}"
EndProject
Project("{9A19103F-16F7-4668-BE54-9A1E7A4F7556}") = "LemonBot.Commands", "src\LemonBot.Commands\LemonBot.Commands.csproj", "{0017D050-5521-4C55-B1CD-2DDB228CEC42}"
EndProject
Project("{9A19103F-16F7-4668-BE54-9A1E7A4F7556}") = "LemonBot.Clients", "src\LemonBot.Clients\LemonBot.Clients.csproj", "{D2F9C1BB-F01E-459E-8C7E-F225F83A47B1}"
EndProject
Project("{9A19103F-16F7-4668-BE54-9A1E7A4F7556}") = "LemonBot.Web", "src\LemonBot.Web\LemonBot.Web.csproj", "{D2265674-E203-4073-9910-C9412A220B80}"
EndProject
Project("{2150E333-8FDC-42A3-9474-1A3956D46DE8}") = "KITT", "KITT", "{53F76412-0B22-4C62-8519-834A82747AD4}"
EndProject
Project("{9A19103F-16F7-4668-BE54-9A1E7A4F7556}") = "KITT.Web.Models", "src\KITT.Web.Models\KITT.Web.Models.csproj", "{A9018405-BC9E-41FD-955A-5A3B4AED27A4}"
EndProject
Project("{9A19103F-16F7-4668-BE54-9A1E7A4F7556}") = "KITT.Core", "src\KITT.Core\KITT.Core.csproj", "{66F99049-7BCF-47D4-81FF-8E0254FE82EE}"
EndProject
Project("{2150E333-8FDC-42A3-9474-1A3956D46DE8}") = "tests", "tests", "{B32B1475-75B8-41DD-BB71-D6106152C656}"
EndProject
Project("{9A19103F-16F7-4668-BE54-9A1E7A4F7556}") = "KITT.Core.Test", "tests\KITT.Core.Test\KITT.Core.Test.csproj", "{AB7A75D3-84BA-4AFD-BC49-D0C7545FB235}"
EndProject
Project("{9A19103F-16F7-4668-BE54-9A1E7A4F7556}") = "KITT.Web.App", "src\KITT.Web.App\KITT.Web.App.csproj", "{9E51F921-9BF4-47C2-92C7-A958F5E2F4D7}"
EndProject
Project("{9A19103F-16F7-4668-BE54-9A1E7A4F7556}") = "KITT.Web.App.Test", "tests\KITT.Web.App.Test\KITT.Web.App.Test.csproj", "{C981DD09-2572-47B7-B336-A31EC6E3B7E7}"
EndProject
Project("{9A19103F-16F7-4668-BE54-9A1E7A4F7556}") = "LemonBot.Web.Test.Integration", "tests\LemonBot.Web.Test.Integration\LemonBot.Web.Test.Integration.csproj", "{78414030-A691-4D48-84FA-A42E4ED034E7}"
EndProject
Project("{FAE04EC0-301F-11D3-BF4B-00C04F79EFBC}") = "KITT.Web.App.Tools", "src\KITT.Web.App.Tools\KITT.Web.App.Tools.csproj", "{74F13227-0241-4D0B-9D40-76F4CD8881DD}"
EndProject
Project("{FAE04EC0-301F-11D3-BF4B-00C04F79EFBC}") = "KITT.Web.App.UI", "src\KITT.Web.App.UI\KITT.Web.App.UI.csproj", "{2B84BEBB-A29E-4BDE-893F-BBCCE979A0BE}"
EndProject
Global
	GlobalSection(SolutionConfigurationPlatforms) = preSolution
		Debug|Any CPU = Debug|Any CPU
		Debug|x64 = Debug|x64
		Debug|x86 = Debug|x86
		Release|Any CPU = Release|Any CPU
		Release|x64 = Release|x64
		Release|x86 = Release|x86
	EndGlobalSection
	GlobalSection(ProjectConfigurationPlatforms) = postSolution
		{C56ABDA1-E83F-4C97-B3C2-3A248526E4FC}.Debug|Any CPU.ActiveCfg = Debug|Any CPU
		{C56ABDA1-E83F-4C97-B3C2-3A248526E4FC}.Debug|Any CPU.Build.0 = Debug|Any CPU
		{C56ABDA1-E83F-4C97-B3C2-3A248526E4FC}.Debug|x64.ActiveCfg = Debug|Any CPU
		{C56ABDA1-E83F-4C97-B3C2-3A248526E4FC}.Debug|x64.Build.0 = Debug|Any CPU
		{C56ABDA1-E83F-4C97-B3C2-3A248526E4FC}.Debug|x86.ActiveCfg = Debug|Any CPU
		{C56ABDA1-E83F-4C97-B3C2-3A248526E4FC}.Debug|x86.Build.0 = Debug|Any CPU
		{C56ABDA1-E83F-4C97-B3C2-3A248526E4FC}.Release|Any CPU.ActiveCfg = Release|Any CPU
		{C56ABDA1-E83F-4C97-B3C2-3A248526E4FC}.Release|Any CPU.Build.0 = Release|Any CPU
		{C56ABDA1-E83F-4C97-B3C2-3A248526E4FC}.Release|x64.ActiveCfg = Release|Any CPU
		{C56ABDA1-E83F-4C97-B3C2-3A248526E4FC}.Release|x64.Build.0 = Release|Any CPU
		{C56ABDA1-E83F-4C97-B3C2-3A248526E4FC}.Release|x86.ActiveCfg = Release|Any CPU
		{C56ABDA1-E83F-4C97-B3C2-3A248526E4FC}.Release|x86.Build.0 = Release|Any CPU
		{0017D050-5521-4C55-B1CD-2DDB228CEC42}.Debug|Any CPU.ActiveCfg = Debug|Any CPU
		{0017D050-5521-4C55-B1CD-2DDB228CEC42}.Debug|Any CPU.Build.0 = Debug|Any CPU
		{0017D050-5521-4C55-B1CD-2DDB228CEC42}.Debug|x64.ActiveCfg = Debug|Any CPU
		{0017D050-5521-4C55-B1CD-2DDB228CEC42}.Debug|x64.Build.0 = Debug|Any CPU
		{0017D050-5521-4C55-B1CD-2DDB228CEC42}.Debug|x86.ActiveCfg = Debug|Any CPU
		{0017D050-5521-4C55-B1CD-2DDB228CEC42}.Debug|x86.Build.0 = Debug|Any CPU
		{0017D050-5521-4C55-B1CD-2DDB228CEC42}.Release|Any CPU.ActiveCfg = Release|Any CPU
		{0017D050-5521-4C55-B1CD-2DDB228CEC42}.Release|Any CPU.Build.0 = Release|Any CPU
		{0017D050-5521-4C55-B1CD-2DDB228CEC42}.Release|x64.ActiveCfg = Release|Any CPU
		{0017D050-5521-4C55-B1CD-2DDB228CEC42}.Release|x64.Build.0 = Release|Any CPU
		{0017D050-5521-4C55-B1CD-2DDB228CEC42}.Release|x86.ActiveCfg = Release|Any CPU
		{0017D050-5521-4C55-B1CD-2DDB228CEC42}.Release|x86.Build.0 = Release|Any CPU
		{D2F9C1BB-F01E-459E-8C7E-F225F83A47B1}.Debug|Any CPU.ActiveCfg = Debug|Any CPU
		{D2F9C1BB-F01E-459E-8C7E-F225F83A47B1}.Debug|Any CPU.Build.0 = Debug|Any CPU
		{D2F9C1BB-F01E-459E-8C7E-F225F83A47B1}.Debug|x64.ActiveCfg = Debug|Any CPU
		{D2F9C1BB-F01E-459E-8C7E-F225F83A47B1}.Debug|x64.Build.0 = Debug|Any CPU
		{D2F9C1BB-F01E-459E-8C7E-F225F83A47B1}.Debug|x86.ActiveCfg = Debug|Any CPU
		{D2F9C1BB-F01E-459E-8C7E-F225F83A47B1}.Debug|x86.Build.0 = Debug|Any CPU
		{D2F9C1BB-F01E-459E-8C7E-F225F83A47B1}.Release|Any CPU.ActiveCfg = Release|Any CPU
		{D2F9C1BB-F01E-459E-8C7E-F225F83A47B1}.Release|Any CPU.Build.0 = Release|Any CPU
		{D2F9C1BB-F01E-459E-8C7E-F225F83A47B1}.Release|x64.ActiveCfg = Release|Any CPU
		{D2F9C1BB-F01E-459E-8C7E-F225F83A47B1}.Release|x64.Build.0 = Release|Any CPU
		{D2F9C1BB-F01E-459E-8C7E-F225F83A47B1}.Release|x86.ActiveCfg = Release|Any CPU
		{D2F9C1BB-F01E-459E-8C7E-F225F83A47B1}.Release|x86.Build.0 = Release|Any CPU
		{D2265674-E203-4073-9910-C9412A220B80}.Debug|Any CPU.ActiveCfg = Debug|Any CPU
		{D2265674-E203-4073-9910-C9412A220B80}.Debug|Any CPU.Build.0 = Debug|Any CPU
		{D2265674-E203-4073-9910-C9412A220B80}.Debug|x64.ActiveCfg = Debug|Any CPU
		{D2265674-E203-4073-9910-C9412A220B80}.Debug|x64.Build.0 = Debug|Any CPU
		{D2265674-E203-4073-9910-C9412A220B80}.Debug|x86.ActiveCfg = Debug|Any CPU
		{D2265674-E203-4073-9910-C9412A220B80}.Debug|x86.Build.0 = Debug|Any CPU
		{D2265674-E203-4073-9910-C9412A220B80}.Release|Any CPU.ActiveCfg = Release|Any CPU
		{D2265674-E203-4073-9910-C9412A220B80}.Release|Any CPU.Build.0 = Release|Any CPU
		{D2265674-E203-4073-9910-C9412A220B80}.Release|x64.ActiveCfg = Release|Any CPU
		{D2265674-E203-4073-9910-C9412A220B80}.Release|x64.Build.0 = Release|Any CPU
		{D2265674-E203-4073-9910-C9412A220B80}.Release|x86.ActiveCfg = Release|Any CPU
		{D2265674-E203-4073-9910-C9412A220B80}.Release|x86.Build.0 = Release|Any CPU
		{A9018405-BC9E-41FD-955A-5A3B4AED27A4}.Debug|Any CPU.ActiveCfg = Debug|Any CPU
		{A9018405-BC9E-41FD-955A-5A3B4AED27A4}.Debug|Any CPU.Build.0 = Debug|Any CPU
		{A9018405-BC9E-41FD-955A-5A3B4AED27A4}.Debug|x64.ActiveCfg = Debug|Any CPU
		{A9018405-BC9E-41FD-955A-5A3B4AED27A4}.Debug|x64.Build.0 = Debug|Any CPU
		{A9018405-BC9E-41FD-955A-5A3B4AED27A4}.Debug|x86.ActiveCfg = Debug|Any CPU
		{A9018405-BC9E-41FD-955A-5A3B4AED27A4}.Debug|x86.Build.0 = Debug|Any CPU
		{A9018405-BC9E-41FD-955A-5A3B4AED27A4}.Release|Any CPU.ActiveCfg = Release|Any CPU
		{A9018405-BC9E-41FD-955A-5A3B4AED27A4}.Release|Any CPU.Build.0 = Release|Any CPU
		{A9018405-BC9E-41FD-955A-5A3B4AED27A4}.Release|x64.ActiveCfg = Release|Any CPU
		{A9018405-BC9E-41FD-955A-5A3B4AED27A4}.Release|x64.Build.0 = Release|Any CPU
		{A9018405-BC9E-41FD-955A-5A3B4AED27A4}.Release|x86.ActiveCfg = Release|Any CPU
		{A9018405-BC9E-41FD-955A-5A3B4AED27A4}.Release|x86.Build.0 = Release|Any CPU
		{66F99049-7BCF-47D4-81FF-8E0254FE82EE}.Debug|Any CPU.ActiveCfg = Debug|Any CPU
		{66F99049-7BCF-47D4-81FF-8E0254FE82EE}.Debug|Any CPU.Build.0 = Debug|Any CPU
		{66F99049-7BCF-47D4-81FF-8E0254FE82EE}.Debug|x64.ActiveCfg = Debug|Any CPU
		{66F99049-7BCF-47D4-81FF-8E0254FE82EE}.Debug|x64.Build.0 = Debug|Any CPU
		{66F99049-7BCF-47D4-81FF-8E0254FE82EE}.Debug|x86.ActiveCfg = Debug|Any CPU
		{66F99049-7BCF-47D4-81FF-8E0254FE82EE}.Debug|x86.Build.0 = Debug|Any CPU
		{66F99049-7BCF-47D4-81FF-8E0254FE82EE}.Release|Any CPU.ActiveCfg = Release|Any CPU
		{66F99049-7BCF-47D4-81FF-8E0254FE82EE}.Release|Any CPU.Build.0 = Release|Any CPU
		{66F99049-7BCF-47D4-81FF-8E0254FE82EE}.Release|x64.ActiveCfg = Release|Any CPU
		{66F99049-7BCF-47D4-81FF-8E0254FE82EE}.Release|x64.Build.0 = Release|Any CPU
		{66F99049-7BCF-47D4-81FF-8E0254FE82EE}.Release|x86.ActiveCfg = Release|Any CPU
		{66F99049-7BCF-47D4-81FF-8E0254FE82EE}.Release|x86.Build.0 = Release|Any CPU
		{AB7A75D3-84BA-4AFD-BC49-D0C7545FB235}.Debug|Any CPU.ActiveCfg = Debug|Any CPU
		{AB7A75D3-84BA-4AFD-BC49-D0C7545FB235}.Debug|Any CPU.Build.0 = Debug|Any CPU
		{AB7A75D3-84BA-4AFD-BC49-D0C7545FB235}.Debug|x64.ActiveCfg = Debug|Any CPU
		{AB7A75D3-84BA-4AFD-BC49-D0C7545FB235}.Debug|x64.Build.0 = Debug|Any CPU
		{AB7A75D3-84BA-4AFD-BC49-D0C7545FB235}.Debug|x86.ActiveCfg = Debug|Any CPU
		{AB7A75D3-84BA-4AFD-BC49-D0C7545FB235}.Debug|x86.Build.0 = Debug|Any CPU
		{AB7A75D3-84BA-4AFD-BC49-D0C7545FB235}.Release|Any CPU.ActiveCfg = Release|Any CPU
		{AB7A75D3-84BA-4AFD-BC49-D0C7545FB235}.Release|Any CPU.Build.0 = Release|Any CPU
		{AB7A75D3-84BA-4AFD-BC49-D0C7545FB235}.Release|x64.ActiveCfg = Release|Any CPU
		{AB7A75D3-84BA-4AFD-BC49-D0C7545FB235}.Release|x64.Build.0 = Release|Any CPU
		{AB7A75D3-84BA-4AFD-BC49-D0C7545FB235}.Release|x86.ActiveCfg = Release|Any CPU
		{AB7A75D3-84BA-4AFD-BC49-D0C7545FB235}.Release|x86.Build.0 = Release|Any CPU
		{9E51F921-9BF4-47C2-92C7-A958F5E2F4D7}.Debug|Any CPU.ActiveCfg = Debug|Any CPU
		{9E51F921-9BF4-47C2-92C7-A958F5E2F4D7}.Debug|Any CPU.Build.0 = Debug|Any CPU
		{9E51F921-9BF4-47C2-92C7-A958F5E2F4D7}.Debug|x64.ActiveCfg = Debug|Any CPU
		{9E51F921-9BF4-47C2-92C7-A958F5E2F4D7}.Debug|x64.Build.0 = Debug|Any CPU
		{9E51F921-9BF4-47C2-92C7-A958F5E2F4D7}.Debug|x86.ActiveCfg = Debug|Any CPU
		{9E51F921-9BF4-47C2-92C7-A958F5E2F4D7}.Debug|x86.Build.0 = Debug|Any CPU
		{9E51F921-9BF4-47C2-92C7-A958F5E2F4D7}.Release|Any CPU.ActiveCfg = Release|Any CPU
		{9E51F921-9BF4-47C2-92C7-A958F5E2F4D7}.Release|Any CPU.Build.0 = Release|Any CPU
		{9E51F921-9BF4-47C2-92C7-A958F5E2F4D7}.Release|x64.ActiveCfg = Release|Any CPU
		{9E51F921-9BF4-47C2-92C7-A958F5E2F4D7}.Release|x64.Build.0 = Release|Any CPU
		{9E51F921-9BF4-47C2-92C7-A958F5E2F4D7}.Release|x86.ActiveCfg = Release|Any CPU
		{9E51F921-9BF4-47C2-92C7-A958F5E2F4D7}.Release|x86.Build.0 = Release|Any CPU
		{C981DD09-2572-47B7-B336-A31EC6E3B7E7}.Debug|Any CPU.ActiveCfg = Debug|Any CPU
		{C981DD09-2572-47B7-B336-A31EC6E3B7E7}.Debug|Any CPU.Build.0 = Debug|Any CPU
		{C981DD09-2572-47B7-B336-A31EC6E3B7E7}.Debug|x64.ActiveCfg = Debug|Any CPU
		{C981DD09-2572-47B7-B336-A31EC6E3B7E7}.Debug|x64.Build.0 = Debug|Any CPU
		{C981DD09-2572-47B7-B336-A31EC6E3B7E7}.Debug|x86.ActiveCfg = Debug|Any CPU
		{C981DD09-2572-47B7-B336-A31EC6E3B7E7}.Debug|x86.Build.0 = Debug|Any CPU
		{C981DD09-2572-47B7-B336-A31EC6E3B7E7}.Release|Any CPU.ActiveCfg = Release|Any CPU
		{C981DD09-2572-47B7-B336-A31EC6E3B7E7}.Release|Any CPU.Build.0 = Release|Any CPU
		{C981DD09-2572-47B7-B336-A31EC6E3B7E7}.Release|x64.ActiveCfg = Release|Any CPU
		{C981DD09-2572-47B7-B336-A31EC6E3B7E7}.Release|x64.Build.0 = Release|Any CPU
		{C981DD09-2572-47B7-B336-A31EC6E3B7E7}.Release|x86.ActiveCfg = Release|Any CPU
		{C981DD09-2572-47B7-B336-A31EC6E3B7E7}.Release|x86.Build.0 = Release|Any CPU
		{78414030-A691-4D48-84FA-A42E4ED034E7}.Debug|Any CPU.ActiveCfg = Debug|Any CPU
		{78414030-A691-4D48-84FA-A42E4ED034E7}.Debug|Any CPU.Build.0 = Debug|Any CPU
		{78414030-A691-4D48-84FA-A42E4ED034E7}.Debug|x64.ActiveCfg = Debug|Any CPU
		{78414030-A691-4D48-84FA-A42E4ED034E7}.Debug|x64.Build.0 = Debug|Any CPU
		{78414030-A691-4D48-84FA-A42E4ED034E7}.Debug|x86.ActiveCfg = Debug|Any CPU
		{78414030-A691-4D48-84FA-A42E4ED034E7}.Debug|x86.Build.0 = Debug|Any CPU
		{78414030-A691-4D48-84FA-A42E4ED034E7}.Release|Any CPU.ActiveCfg = Release|Any CPU
		{78414030-A691-4D48-84FA-A42E4ED034E7}.Release|Any CPU.Build.0 = Release|Any CPU
		{78414030-A691-4D48-84FA-A42E4ED034E7}.Release|x64.ActiveCfg = Release|Any CPU
		{78414030-A691-4D48-84FA-A42E4ED034E7}.Release|x64.Build.0 = Release|Any CPU
		{78414030-A691-4D48-84FA-A42E4ED034E7}.Release|x86.ActiveCfg = Release|Any CPU
		{78414030-A691-4D48-84FA-A42E4ED034E7}.Release|x86.Build.0 = Release|Any CPU
		{74F13227-0241-4D0B-9D40-76F4CD8881DD}.Debug|Any CPU.ActiveCfg = Debug|Any CPU
		{74F13227-0241-4D0B-9D40-76F4CD8881DD}.Debug|Any CPU.Build.0 = Debug|Any CPU
		{74F13227-0241-4D0B-9D40-76F4CD8881DD}.Debug|x64.ActiveCfg = Debug|Any CPU
		{74F13227-0241-4D0B-9D40-76F4CD8881DD}.Debug|x64.Build.0 = Debug|Any CPU
		{74F13227-0241-4D0B-9D40-76F4CD8881DD}.Debug|x86.ActiveCfg = Debug|Any CPU
		{74F13227-0241-4D0B-9D40-76F4CD8881DD}.Debug|x86.Build.0 = Debug|Any CPU
		{74F13227-0241-4D0B-9D40-76F4CD8881DD}.Release|Any CPU.ActiveCfg = Release|Any CPU
		{74F13227-0241-4D0B-9D40-76F4CD8881DD}.Release|Any CPU.Build.0 = Release|Any CPU
		{74F13227-0241-4D0B-9D40-76F4CD8881DD}.Release|x64.ActiveCfg = Release|Any CPU
		{74F13227-0241-4D0B-9D40-76F4CD8881DD}.Release|x64.Build.0 = Release|Any CPU
		{74F13227-0241-4D0B-9D40-76F4CD8881DD}.Release|x86.ActiveCfg = Release|Any CPU
		{74F13227-0241-4D0B-9D40-76F4CD8881DD}.Release|x86.Build.0 = Release|Any CPU
		{2B84BEBB-A29E-4BDE-893F-BBCCE979A0BE}.Debug|Any CPU.ActiveCfg = Debug|Any CPU
		{2B84BEBB-A29E-4BDE-893F-BBCCE979A0BE}.Debug|Any CPU.Build.0 = Debug|Any CPU
		{2B84BEBB-A29E-4BDE-893F-BBCCE979A0BE}.Debug|x64.ActiveCfg = Debug|Any CPU
		{2B84BEBB-A29E-4BDE-893F-BBCCE979A0BE}.Debug|x64.Build.0 = Debug|Any CPU
		{2B84BEBB-A29E-4BDE-893F-BBCCE979A0BE}.Debug|x86.ActiveCfg = Debug|Any CPU
		{2B84BEBB-A29E-4BDE-893F-BBCCE979A0BE}.Debug|x86.Build.0 = Debug|Any CPU
		{2B84BEBB-A29E-4BDE-893F-BBCCE979A0BE}.Release|Any CPU.ActiveCfg = Release|Any CPU
		{2B84BEBB-A29E-4BDE-893F-BBCCE979A0BE}.Release|Any CPU.Build.0 = Release|Any CPU
		{2B84BEBB-A29E-4BDE-893F-BBCCE979A0BE}.Release|x64.ActiveCfg = Release|Any CPU
		{2B84BEBB-A29E-4BDE-893F-BBCCE979A0BE}.Release|x64.Build.0 = Release|Any CPU
		{2B84BEBB-A29E-4BDE-893F-BBCCE979A0BE}.Release|x86.ActiveCfg = Release|Any CPU
		{2B84BEBB-A29E-4BDE-893F-BBCCE979A0BE}.Release|x86.Build.0 = Release|Any CPU
	EndGlobalSection
	GlobalSection(SolutionProperties) = preSolution
		HideSolutionNode = FALSE
	EndGlobalSection
	GlobalSection(NestedProjects) = preSolution
		{C56ABDA1-E83F-4C97-B3C2-3A248526E4FC} = {F47298C6-FC9C-4B30-88D6-3DDAAD1B7B65}
		{0017D050-5521-4C55-B1CD-2DDB228CEC42} = {F47298C6-FC9C-4B30-88D6-3DDAAD1B7B65}
		{D2F9C1BB-F01E-459E-8C7E-F225F83A47B1} = {F47298C6-FC9C-4B30-88D6-3DDAAD1B7B65}
		{D2265674-E203-4073-9910-C9412A220B80} = {F47298C6-FC9C-4B30-88D6-3DDAAD1B7B65}
		{53F76412-0B22-4C62-8519-834A82747AD4} = {F47298C6-FC9C-4B30-88D6-3DDAAD1B7B65}
		{A9018405-BC9E-41FD-955A-5A3B4AED27A4} = {53F76412-0B22-4C62-8519-834A82747AD4}
		{66F99049-7BCF-47D4-81FF-8E0254FE82EE} = {53F76412-0B22-4C62-8519-834A82747AD4}
		{AB7A75D3-84BA-4AFD-BC49-D0C7545FB235} = {B32B1475-75B8-41DD-BB71-D6106152C656}
		{9E51F921-9BF4-47C2-92C7-A958F5E2F4D7} = {53F76412-0B22-4C62-8519-834A82747AD4}
		{C981DD09-2572-47B7-B336-A31EC6E3B7E7} = {B32B1475-75B8-41DD-BB71-D6106152C656}
		{78414030-A691-4D48-84FA-A42E4ED034E7} = {B32B1475-75B8-41DD-BB71-D6106152C656}
		{74F13227-0241-4D0B-9D40-76F4CD8881DD} = {53F76412-0B22-4C62-8519-834A82747AD4}
		{2B84BEBB-A29E-4BDE-893F-BBCCE979A0BE} = {53F76412-0B22-4C62-8519-834A82747AD4}
	EndGlobalSection
	GlobalSection(ExtensibilityGlobals) = postSolution
		SolutionGuid = {08491B30-AD3E-4AEA-AAB9-40A83A96F393}
	EndGlobalSection
EndGlobal
